{
  "name": "@avam/ui-core",
  "version": "0.0.1",
  "lockfileVersion": 3,
  "requires": true,
  "packages": {
    "": {
      "name": "@avam/ui-core",
      "version": "0.0.1",
      "dependencies": {
        "@avam/ui-core": "file:"
      }
    },
    "node_modules/@avam/ui-core": {
      "resolved": "",
      "link": true
    }
  }
}
