{
  "name": "@avam/convenience",
  "version": "0.0.1",
  "lockfileVersion": 3,
  "requires": true,
  "packages": {
    "": {
      "name": "@avam/convenience",
      "version": "0.0.1",
      "dependencies": {
        "@avam/convenience": "file:"
      }
    },
    "node_modules/@avam/convenience": {
      "resolved": "",
      "link": true
    }
  }
}
